
Microsoft Visual Studio Solution File, Format Version 12.00
# Visual Studio Version 17
VisualStudioVersion = 17.13.35931.197
MinimumVisualStudioVersion = 10.0.40219.1
Project("{FAE04EC0-301F-11D3-BF4B-00C04F79EFBC}") = "MFM", "case_4\MFM.csproj", "{7F631836-6D8D-4529-8295-4ADC4C802F61}"
EndProject
Global
	GlobalSection(SolutionConfigurationPlatforms) = preSolution
		Debug|Any CPU = Debug|Any CPU
		Release|Any CPU = Release|Any CPU
	EndGlobalSection
	GlobalSection(ProjectConfigurationPlatforms) = postSolution
		{7F631836-6D8D-4529-8295-4ADC4C802F61}.Debug|Any CPU.ActiveCfg = Debug|Any CPU
		{7F631836-6D8D-4529-8295-4ADC4C802F61}.Debug|Any CPU.Build.0 = Debug|Any CPU
		{7F631836-6D8D-4529-8295-4ADC4C802F61}.Release|Any CPU.ActiveCfg = Release|Any CPU
		{7F631836-6D8D-4529-8295-4ADC4C802F61}.Release|Any CPU.Build.0 = Release|Any CPU
	EndGlobalSection
	GlobalSection(SolutionProperties) = preSolution
		HideSolutionNode = FALSE
	EndGlobalSection
	GlobalSection(ExtensibilityGlobals) = postSolution
		SolutionGuid = {7AB87B97-7E67-464C-84C7-8BF200D345AF}
	EndGlobalSection
EndGlobal
